
Microsoft Visual Studio Solution File, Format Version 12.00
# Visual Studio Version 16
VisualStudioVersion = 16.0.29123.88
MinimumVisualStudioVersion = 10.0.40219.1
Project("{00D1A9C2-B5F0-4AF3-8072-F6C62B433612}") = "Proyecto_Inge_Bases_Datos", "Proyecto_Inge_Bases_Datos\Proyecto_Inge_Bases_Datos.sqlproj", "{F649DF66-81EF-4100-B6AC-C03F51F514FD}"
EndProject
Global
	GlobalSection(SolutionConfigurationPlatforms) = preSolution
		Debug|Any CPU = Debug|Any CPU
		Release|Any CPU = Release|Any CPU
	EndGlobalSection
	GlobalSection(ProjectConfigurationPlatforms) = postSolution
		{F649DF66-81EF-4100-B6AC-C03F51F514FD}.Debug|Any CPU.ActiveCfg = Debug|Any CPU
		{F649DF66-81EF-4100-B6AC-C03F51F514FD}.Debug|Any CPU.Build.0 = Debug|Any CPU
		{F649DF66-81EF-4100-B6AC-C03F51F514FD}.Debug|Any CPU.Deploy.0 = Debug|Any CPU
		{F649DF66-81EF-4100-B6AC-C03F51F514FD}.Release|Any CPU.ActiveCfg = Release|Any CPU
		{F649DF66-81EF-4100-B6AC-C03F51F514FD}.Release|Any CPU.Build.0 = Release|Any CPU
		{F649DF66-81EF-4100-B6AC-C03F51F514FD}.Release|Any CPU.Deploy.0 = Release|Any CPU
	EndGlobalSection
	GlobalSection(SolutionProperties) = preSolution
		HideSolutionNode = FALSE
	EndGlobalSection
	GlobalSection(ExtensibilityGlobals) = postSolution
		SolutionGuid = {CF0CA80F-B369-4A15-ADB6-8B5A536484C1}
	EndGlobalSection
EndGlobal
